ev_a71/vp1/results/tree.nwk
ev_a71/vp1/results/cleaned_metadata.tsv
ev_a71/vp1/results/branch_lengths.json
ev_a71/vp1/results/traits.json
ev_a71/vp1/results/nt_muts.json
ev_a71/vp1/results/aa_muts.json
ev_a71/vp1/results/clades.json
ev_a71/vp1/config/colors.tsv
ev_a71/vp1/config/lat_longs.tsv
ev_a71/vp1/config/auspice_config.json
ev_a71/vp1/results/tree_raw.nwk
ev_a71/vp1/results/aligned.fasta
ev_a71/vp1/results/cleaned_metadata.tsv
ev_a71/vp1/results/aligned.fasta
ev_a71/vp1/results/filtered.fasta
ev_a71/vp1/results/reference_sequence.fasta
ev_a71/vp1/results/sequences.fasta
ev_a71/vp1/results/sequence_index.tsv
ev_a71/vp1/results/cleaned_metadata.tsv
ev_a71/vp1/config/dropped_strains.txt
ev_a71/vp1/results/duplicate_sequences.fasta
ev_a71/vp1/results/vp1_fasta.fasta
ev_a71/vp1/data/vipr.fasta
ev_a71/vp1/results/sequences.fasta
ev_a71/vp1/results/uncleaned_metadata.tsv
ev_a71/vp1/config/reference_sequence.gb
ev_a71/vp1/results/tree.nwk
ev_a71/vp1/results/cleaned_metadata.tsv
ev_a71/vp1/results/tree.nwk
ev_a71/vp1/results/aligned.fasta
ev_a71/vp1/results/tree.nwk
ev_a71/vp1/results/nt_muts.json
ev_a71/vp1/config/reference_sequence.gb
ev_a71/vp1/results/tree.nwk
ev_a71/vp1/results/aa_muts.json
ev_a71/vp1/results/nt_muts.json
ev_a71/vp1/config/clades_genome.tsv
