ev_a71/vp1/results/traits.json
ev_a71/vp1/results/cleaned_metadata.tsv
ev_a71/vp1/results/aa_muts.json
ev_a71/vp1/results/tree_raw.nwk
ev_a71/vp1/results/reference_sequence.fasta
ev_a71/vp1/results/sequence_index.tsv
ev_a71/vp1/results/nt_muts.json
ev_a71/vp1/auspice/ev_a71_vp1.json
ev_a71/vp1/results/tree.nwk
ev_a71/vp1/results/branch_lengths.json
ev_a71/vp1/results/clades.json
ev_a71/vp1/results/aligned.fasta
ev_a71/vp1/results/insertions.csv
ev_a71/vp1/results/duplicate_sequences.fasta
ev_a71/vp1/results/uncleaned_metadata.tsv
ev_a71/vp1/results/filtered.fasta
ev_a71/vp1/results/vp1_fasta.fasta
ev_a71/vp1/results/sequences.fasta
